
Microsoft Visual Studio Solution File, Format Version 12.00
Project("{FAE04EC0-301F-11D3-BF4B-00C04F79EFBC}") = "Test-QuestPDF", "src\Test-QuestPDF\Test-QuestPDF.csproj", "{EDAA251C-A003-49EC-BFA3-61B30365A1AD}"
EndProject
Global
	GlobalSection(SolutionConfigurationPlatforms) = preSolution
		Debug|Any CPU = Debug|Any CPU
		Release|Any CPU = Release|Any CPU
	EndGlobalSection
	GlobalSection(ProjectConfigurationPlatforms) = postSolution
		{EDAA251C-A003-49EC-BFA3-61B30365A1AD}.Debug|Any CPU.ActiveCfg = Debug|Any CPU
		{EDAA251C-A003-49EC-BFA3-61B30365A1AD}.Debug|Any CPU.Build.0 = Debug|Any CPU
		{EDAA251C-A003-49EC-BFA3-61B30365A1AD}.Release|Any CPU.ActiveCfg = Release|Any CPU
		{EDAA251C-A003-49EC-BFA3-61B30365A1AD}.Release|Any CPU.Build.0 = Release|Any CPU
	EndGlobalSection
EndGlobal
